
Microsoft Visual Studio Solution File, Format Version 12.00
# Visual Studio Version 16
VisualStudioVersion = 16.0.31306.274
MinimumVisualStudioVersion = 10.0.40219.1
Project("{9A19103F-16F7-4668-BE54-9A1E7A4F7556}") = "AttrapezLesTousApp", "src\AttrapezLesTousApp\AttrapezLesTousApp.csproj", "{F0FA1485-C519-4BEC-AE3D-8B606F1D0A94}"
EndProject
Project("{2150E333-8FDC-42A3-9474-1A3956D46DE8}") = "src", "src", "{C435EDAC-B439-4D36-B90C-90AE2BC5D607}"
EndProject
Project("{6EC3EE1D-3C4E-46DD-8F32-0CC8E7565705}") = "Core", "src\Core\Core.fsproj", "{3B539570-EEA0-45DB-B015-545D7E4124E0}"
EndProject
Project("{2150E333-8FDC-42A3-9474-1A3956D46DE8}") = "tests", "tests", "{47AA9C7F-279B-4FA3-BE18-B23F6406C6D7}"
EndProject
Project("{6EC3EE1D-3C4E-46DD-8F32-0CC8E7565705}") = "Core.Tests", "tests\Core.Tests\Core.Tests.fsproj", "{F272673E-83D2-4862-A3C8-0F46B015A498}"
EndProject
Global
	GlobalSection(SolutionConfigurationPlatforms) = preSolution
		Debug|Any CPU = Debug|Any CPU
		Release|Any CPU = Release|Any CPU
	EndGlobalSection
	GlobalSection(ProjectConfigurationPlatforms) = postSolution
		{F0FA1485-C519-4BEC-AE3D-8B606F1D0A94}.Debug|Any CPU.ActiveCfg = Debug|Any CPU
		{F0FA1485-C519-4BEC-AE3D-8B606F1D0A94}.Debug|Any CPU.Build.0 = Debug|Any CPU
		{F0FA1485-C519-4BEC-AE3D-8B606F1D0A94}.Release|Any CPU.ActiveCfg = Release|Any CPU
		{F0FA1485-C519-4BEC-AE3D-8B606F1D0A94}.Release|Any CPU.Build.0 = Release|Any CPU
		{3B539570-EEA0-45DB-B015-545D7E4124E0}.Debug|Any CPU.ActiveCfg = Debug|Any CPU
		{3B539570-EEA0-45DB-B015-545D7E4124E0}.Debug|Any CPU.Build.0 = Debug|Any CPU
		{3B539570-EEA0-45DB-B015-545D7E4124E0}.Release|Any CPU.ActiveCfg = Release|Any CPU
		{3B539570-EEA0-45DB-B015-545D7E4124E0}.Release|Any CPU.Build.0 = Release|Any CPU
		{F272673E-83D2-4862-A3C8-0F46B015A498}.Debug|Any CPU.ActiveCfg = Debug|Any CPU
		{F272673E-83D2-4862-A3C8-0F46B015A498}.Debug|Any CPU.Build.0 = Debug|Any CPU
		{F272673E-83D2-4862-A3C8-0F46B015A498}.Release|Any CPU.ActiveCfg = Release|Any CPU
		{F272673E-83D2-4862-A3C8-0F46B015A498}.Release|Any CPU.Build.0 = Release|Any CPU
	EndGlobalSection
	GlobalSection(SolutionProperties) = preSolution
		HideSolutionNode = FALSE
	EndGlobalSection
	GlobalSection(NestedProjects) = preSolution
		{F0FA1485-C519-4BEC-AE3D-8B606F1D0A94} = {C435EDAC-B439-4D36-B90C-90AE2BC5D607}
		{3B539570-EEA0-45DB-B015-545D7E4124E0} = {C435EDAC-B439-4D36-B90C-90AE2BC5D607}
		{F272673E-83D2-4862-A3C8-0F46B015A498} = {47AA9C7F-279B-4FA3-BE18-B23F6406C6D7}
	EndGlobalSection
	GlobalSection(ExtensibilityGlobals) = postSolution
		SolutionGuid = {501B7B31-92B2-40A9-9A0F-3A9CFE173DF8}
	EndGlobalSection
EndGlobal
